
Microsoft Visual Studio Solution File, Format Version 11.00
# Visual Studio 2010
Project("{8BC9CEB8-8B4A-11D0-8D11-00A0C91BC942}") = "SkinColor2", "SkinColor2\SkinColor2.vcxproj", "{A5CE57FD-AB3C-4CBA-AEE7-61FD2FEF5FAE}"
EndProject
Global
	GlobalSection(SolutionConfigurationPlatforms) = preSolution
		Debug|Win32 = Debug|Win32
		Release|Win32 = Release|Win32
	EndGlobalSection
	GlobalSection(ProjectConfigurationPlatforms) = postSolution
		{A5CE57FD-AB3C-4CBA-AEE7-61FD2FEF5FAE}.Debug|Win32.ActiveCfg = Debug|Win32
		{A5CE57FD-AB3C-4CBA-AEE7-61FD2FEF5FAE}.Debug|Win32.Build.0 = Debug|Win32
		{A5CE57FD-AB3C-4CBA-AEE7-61FD2FEF5FAE}.Release|Win32.ActiveCfg = Release|Win32
		{A5CE57FD-AB3C-4CBA-AEE7-61FD2FEF5FAE}.Release|Win32.Build.0 = Release|Win32
	EndGlobalSection
	GlobalSection(SolutionProperties) = preSolution
		HideSolutionNode = FALSE
	EndGlobalSection
EndGlobal
